
Microsoft Visual Studio Solution File, Format Version 12.00
# Visual Studio Version 16
VisualStudioVersion = 16.0.29613.14
MinimumVisualStudioVersion = 10.0.40219.1
Project("{FAE04EC0-301F-11D3-BF4B-00C04F79EFBC}") = "UserInterface", "UserInterface\UserInterface.csproj", "{E63B8BD8-3756-4E97-9B3F-647666381844}"
EndProject
Project("{FAE04EC0-301F-11D3-BF4B-00C04F79EFBC}") = "DataAccessLayer", "DataAccessLayer\DataAccessLayer.csproj", "{EEC61E2E-62E5-4645-B828-E938F0CB740F}"
EndProject
Global
	GlobalSection(SolutionConfigurationPlatforms) = preSolution
		Debug|Any CPU = Debug|Any CPU
		Release|Any CPU = Release|Any CPU
	EndGlobalSection
	GlobalSection(ProjectConfigurationPlatforms) = postSolution
		{E63B8BD8-3756-4E97-9B3F-647666381844}.Debug|Any CPU.ActiveCfg = Debug|Any CPU
		{E63B8BD8-3756-4E97-9B3F-647666381844}.Debug|Any CPU.Build.0 = Debug|Any CPU
		{E63B8BD8-3756-4E97-9B3F-647666381844}.Release|Any CPU.ActiveCfg = Release|Any CPU
		{E63B8BD8-3756-4E97-9B3F-647666381844}.Release|Any CPU.Build.0 = Release|Any CPU
		{EEC61E2E-62E5-4645-B828-E938F0CB740F}.Debug|Any CPU.ActiveCfg = Debug|Any CPU
		{EEC61E2E-62E5-4645-B828-E938F0CB740F}.Debug|Any CPU.Build.0 = Debug|Any CPU
		{EEC61E2E-62E5-4645-B828-E938F0CB740F}.Release|Any CPU.ActiveCfg = Release|Any CPU
		{EEC61E2E-62E5-4645-B828-E938F0CB740F}.Release|Any CPU.Build.0 = Release|Any CPU
	EndGlobalSection
	GlobalSection(SolutionProperties) = preSolution
		HideSolutionNode = FALSE
	EndGlobalSection
	GlobalSection(ExtensibilityGlobals) = postSolution
		SolutionGuid = {8D152797-14B5-4417-ACF4-9B47ADF818B9}
	EndGlobalSection
	GlobalSection(TeamFoundationVersionControl) = preSolution
		SccNumberOfProjects = 3
		SccEnterpriseProvider = {4CA58AB2-18FA-4F8D-95D4-32DDF27D184C}
		SccTeamFoundationServer = https://dev.azure.com/maciejlacky
		SccLocalPath0 = .
		SccProjectUniqueName1 = UserInterface\\UserInterface.csproj
		SccProjectName1 = UserInterface
		SccLocalPath1 = UserInterface
		SccProjectUniqueName2 = DataAccessLayer\\DataAccessLayer.csproj
		SccProjectName2 = DataAccessLayer
		SccLocalPath2 = DataAccessLayer
	EndGlobalSection
EndGlobal
